
Microsoft Visual Studio Solution File, Format Version 12.00
# Visual Studio Version 17
VisualStudioVersion = 17.9.34723.18
MinimumVisualStudioVersion = 10.0.40219.1
Project("{8BC9CEB8-8B4A-11D0-8D11-00A0C91BC942}") = "matrix", "matrix\matrix.vcxproj", "{416EF23D-856F-47EA-9015-92449FBEA429}"
EndProject
Project("{2150E333-8FDC-42A3-9474-1A3956D46DE8}") = "Элементы решения", "Элементы решения", "{EEFB6AAB-3BDB-430D-8DE1-F158351777D6}"
EndProject
Global
	GlobalSection(SolutionConfigurationPlatforms) = preSolution
		Debug|x64 = Debug|x64
		Debug|x86 = Debug|x86
		Release|x64 = Release|x64
		Release|x86 = Release|x86
	EndGlobalSection
	GlobalSection(ProjectConfigurationPlatforms) = postSolution
		{416EF23D-856F-47EA-9015-92449FBEA429}.Debug|x64.ActiveCfg = Debug|x64
		{416EF23D-856F-47EA-9015-92449FBEA429}.Debug|x64.Build.0 = Debug|x64
		{416EF23D-856F-47EA-9015-92449FBEA429}.Debug|x86.ActiveCfg = Debug|Win32
		{416EF23D-856F-47EA-9015-92449FBEA429}.Debug|x86.Build.0 = Debug|Win32
		{416EF23D-856F-47EA-9015-92449FBEA429}.Release|x64.ActiveCfg = Release|x64
		{416EF23D-856F-47EA-9015-92449FBEA429}.Release|x64.Build.0 = Release|x64
		{416EF23D-856F-47EA-9015-92449FBEA429}.Release|x86.ActiveCfg = Release|Win32
		{416EF23D-856F-47EA-9015-92449FBEA429}.Release|x86.Build.0 = Release|Win32
	EndGlobalSection
	GlobalSection(SolutionProperties) = preSolution
		HideSolutionNode = FALSE
	EndGlobalSection
	GlobalSection(ExtensibilityGlobals) = postSolution
		SolutionGuid = {06F3E858-4A38-4300-953A-1AFDE32736B3}
	EndGlobalSection
EndGlobal
